// !$*UTF8*$!
{
	archiveVersion = 1;
	classes = {
	};
	objectVersion = 56;
	objects = {

/* Begin PBXBuildFile section */
		27673A9F2BFAE75700994B59 /* TermAndDisclosureView.swift in Sources */ = {isa = PBXBuildFile; fileRef = 27673A9E2BFAE75700994B59 /* TermAndDisclosureView.swift */; };
		27673AA12BFAF72D00994B59 /* PersonalQuestionnaireFlowView.swift in Sources */ = {isa = PBXBuildFile; fileRef = 27673AA02BFAF72D00994B59 /* PersonalQuestionnaireFlowView.swift */; };
		2770B5162BFAAE4100B4E1E2 /* VjTfaExt.swift in Sources */ = {isa = PBXBuildFile; fileRef = 2770B5152BFAAE4100B4E1E2 /* VjTfaExt.swift */; };
		2770B5182BFAAEC300B4E1E2 /* TfaView.swift in Sources */ = {isa = PBXBuildFile; fileRef = 2770B5172BFAAEC300B4E1E2 /* TfaView.swift */; };
		277ED13B2BFEC6520050EBCB /* RadioButtonQuestionView.swift in Sources */ = {isa = PBXBuildFile; fileRef = 277ED13A2BFEC6520050EBCB /* RadioButtonQuestionView.swift */; };
		277ED13D2BFED0660050EBCB /* TitleTypeQuestionView.swift in Sources */ = {isa = PBXBuildFile; fileRef = 277ED13C2BFED0660050EBCB /* TitleTypeQuestionView.swift */; };
		277ED1402BFED0D10050EBCB /* RadioButtonData.swift in Sources */ = {isa = PBXBuildFile; fileRef = 277ED13F2BFED0D10050EBCB /* RadioButtonData.swift */; };
		2782A5B62BF9839300EF995C /* SignUpView.swift in Sources */ = {isa = PBXBuildFile; fileRef = 2782A5B52BF9839300EF995C /* SignUpView.swift */; };
		2782A5BB2BF98F2C00EF995C /* VjTextField.swift in Sources */ = {isa = PBXBuildFile; fileRef = 2782A5BA2BF98F2C00EF995C /* VjTextField.swift */; };
		2782A5BD2BF993B600EF995C /* VjTextFieldExt.swift in Sources */ = {isa = PBXBuildFile; fileRef = 2782A5BC2BF993B600EF995C /* VjTextFieldExt.swift */; };
		2782A5BF2BF9945000EF995C /* VjSecureField.swift in Sources */ = {isa = PBXBuildFile; fileRef = 2782A5BE2BF9945000EF995C /* VjSecureField.swift */; };
		2782A5C12BF99CB400EF995C /* VjPageButton.swift in Sources */ = {isa = PBXBuildFile; fileRef = 2782A5C02BF99CB400EF995C /* VjPageButton.swift */; };
		2792236B2BF8F6E600FF147B /* vj_formsApp.swift in Sources */ = {isa = PBXBuildFile; fileRef = 2792236A2BF8F6E600FF147B /* vj_formsApp.swift */; };
		2792236D2BF8F6E600FF147B /* StartApplicationView.swift in Sources */ = {isa = PBXBuildFile; fileRef = 2792236C2BF8F6E600FF147B /* StartApplicationView.swift */; };
		2792236F2BF8F6E700FF147B /* Assets.xcassets in Resources */ = {isa = PBXBuildFile; fileRef = 2792236E2BF8F6E700FF147B /* Assets.xcassets */; };
		279223722BF8F6E700FF147B /* Preview Assets.xcassets in Resources */ = {isa = PBXBuildFile; fileRef = 279223712BF8F6E700FF147B /* Preview Assets.xcassets */; };
		279223742BF8F6E700FF147B /* Persistence.swift in Sources */ = {isa = PBXBuildFile; fileRef = 279223732BF8F6E700FF147B /* Persistence.swift */; };
		279223772BF8F6E700FF147B /* vj_forms.xcdatamodeld in Sources */ = {isa = PBXBuildFile; fileRef = 279223752BF8F6E700FF147B /* vj_forms.xcdatamodeld */; };
		27CB659B2BF9188C006DE33B /* NavigationBar.swift in Sources */ = {isa = PBXBuildFile; fileRef = 27CB659A2BF9188C006DE33B /* NavigationBar.swift */; };
		27CB659D2BF92C94006DE33B /* PageHeader.swift in Sources */ = {isa = PBXBuildFile; fileRef = 27CB659C2BF92C93006DE33B /* PageHeader.swift */; };
		27CB659F2BF93D38006DE33B /* Card.swift in Sources */ = {isa = PBXBuildFile; fileRef = 27CB659E2BF93D38006DE33B /* Card.swift */; };
		27CB65A22BF95BD9006DE33B /* Localizable.xcstrings in Resources */ = {isa = PBXBuildFile; fileRef = 27CB65A12BF95BD9006DE33B /* Localizable.xcstrings */; };
/* End PBXBuildFile section */

/* Begin PBXFileReference section */
		27673A9E2BFAE75700994B59 /* TermAndDisclosureView.swift */ = {isa = PBXFileReference; lastKnownFileType = sourcecode.swift; path = TermAndDisclosureView.swift; sourceTree = "<group>"; };
		27673AA02BFAF72D00994B59 /* PersonalQuestionnaireFlowView.swift */ = {isa = PBXFileReference; lastKnownFileType = sourcecode.swift; path = PersonalQuestionnaireFlowView.swift; sourceTree = "<group>"; };
		2770B5152BFAAE4100B4E1E2 /* VjTfaExt.swift */ = {isa = PBXFileReference; lastKnownFileType = sourcecode.swift; path = VjTfaExt.swift; sourceTree = "<group>"; };
		2770B5172BFAAEC300B4E1E2 /* TfaView.swift */ = {isa = PBXFileReference; lastKnownFileType = sourcecode.swift; path = TfaView.swift; sourceTree = "<group>"; };
		277ED13A2BFEC6520050EBCB /* RadioButtonQuestionView.swift */ = {isa = PBXFileReference; lastKnownFileType = sourcecode.swift; path = RadioButtonQuestionView.swift; sourceTree = "<group>"; };
		277ED13C2BFED0660050EBCB /* TitleTypeQuestionView.swift */ = {isa = PBXFileReference; lastKnownFileType = sourcecode.swift; path = TitleTypeQuestionView.swift; sourceTree = "<group>"; };
		277ED13F2BFED0D10050EBCB /* RadioButtonData.swift */ = {isa = PBXFileReference; lastKnownFileType = sourcecode.swift; path = RadioButtonData.swift; sourceTree = "<group>"; };
		2782A5B52BF9839300EF995C /* SignUpView.swift */ = {isa = PBXFileReference; lastKnownFileType = sourcecode.swift; path = SignUpView.swift; sourceTree = "<group>"; };
		2782A5BA2BF98F2C00EF995C /* VjTextField.swift */ = {isa = PBXFileReference; lastKnownFileType = sourcecode.swift; path = VjTextField.swift; sourceTree = "<group>"; };
		2782A5BC2BF993B600EF995C /* VjTextFieldExt.swift */ = {isa = PBXFileReference; lastKnownFileType = sourcecode.swift; path = VjTextFieldExt.swift; sourceTree = "<group>"; };
		2782A5BE2BF9945000EF995C /* VjSecureField.swift */ = {isa = PBXFileReference; lastKnownFileType = sourcecode.swift; path = VjSecureField.swift; sourceTree = "<group>"; };
		2782A5C02BF99CB400EF995C /* VjPageButton.swift */ = {isa = PBXFileReference; lastKnownFileType = sourcecode.swift; path = VjPageButton.swift; sourceTree = "<group>"; };
		279223672BF8F6E600FF147B /* vj-forms.app */ = {isa = PBXFileReference; explicitFileType = wrapper.application; includeInIndex = 0; path = "vj-forms.app"; sourceTree = BUILT_PRODUCTS_DIR; };
		2792236A2BF8F6E600FF147B /* vj_formsApp.swift */ = {isa = PBXFileReference; lastKnownFileType = sourcecode.swift; path = vj_formsApp.swift; sourceTree = "<group>"; };
		2792236C2BF8F6E600FF147B /* StartApplicationView.swift */ = {isa = PBXFileReference; lastKnownFileType = sourcecode.swift; path = StartApplicationView.swift; sourceTree = "<group>"; };
		2792236E2BF8F6E700FF147B /* Assets.xcassets */ = {isa = PBXFileReference; lastKnownFileType = folder.assetcatalog; path = Assets.xcassets; sourceTree = "<group>"; };
		279223712BF8F6E700FF147B /* Preview Assets.xcassets */ = {isa = PBXFileReference; lastKnownFileType = folder.assetcatalog; path = "Preview Assets.xcassets"; sourceTree = "<group>"; };
		279223732BF8F6E700FF147B /* Persistence.swift */ = {isa = PBXFileReference; lastKnownFileType = sourcecode.swift; path = Persistence.swift; sourceTree = "<group>"; };
		279223762BF8F6E700FF147B /* vj_forms.xcdatamodel */ = {isa = PBXFileReference; lastKnownFileType = wrapper.xcdatamodel; path = vj_forms.xcdatamodel; sourceTree = "<group>"; };
		27CB659A2BF9188C006DE33B /* NavigationBar.swift */ = {isa = PBXFileReference; lastKnownFileType = sourcecode.swift; path = NavigationBar.swift; sourceTree = "<group>"; };
		27CB659C2BF92C93006DE33B /* PageHeader.swift */ = {isa = PBXFileReference; lastKnownFileType = sourcecode.swift; path = PageHeader.swift; sourceTree = "<group>"; };
		27CB659E2BF93D38006DE33B /* Card.swift */ = {isa = PBXFileReference; lastKnownFileType = sourcecode.swift; path = Card.swift; sourceTree = "<group>"; };
		27CB65A12BF95BD9006DE33B /* Localizable.xcstrings */ = {isa = PBXFileReference; lastKnownFileType = text.json.xcstrings; path = Localizable.xcstrings; sourceTree = "<group>"; };
/* End PBXFileReference section */

/* Begin PBXFrameworksBuildPhase section */
		279223642BF8F6E600FF147B /* Frameworks */ = {
			isa = PBXFrameworksBuildPhase;
			buildActionMask = 2147483647;
			files = (
			);
			runOnlyForDeploymentPostprocessing = 0;
		};
/* End PBXFrameworksBuildPhase section */

/* Begin PBXGroup section */
		27673A9D2BFAE72600994B59 /* PersonalFlow */ = {
			isa = PBXGroup;
			children = (
				277ED1412BFED3E90050EBCB /* Questions */,
				277ED1392BFEC62B0050EBCB /* QuestionTypes */,
				27673AA02BFAF72D00994B59 /* PersonalQuestionnaireFlowView.swift */,
			);
			path = PersonalFlow;
			sourceTree = "<group>";
		};
		2770B5142BFAAE2800B4E1E2 /* Tfa */ = {
			isa = PBXGroup;
			children = (
				2770B5152BFAAE4100B4E1E2 /* VjTfaExt.swift */,
				2770B5172BFAAEC300B4E1E2 /* TfaView.swift */,
			);
			path = Tfa;
			sourceTree = "<group>";
		};
		277ED1392BFEC62B0050EBCB /* QuestionTypes */ = {
			isa = PBXGroup;
			children = (
				277ED13E2BFED09F0050EBCB /* RadioButtonQuestion */,
			);
			path = QuestionTypes;
			sourceTree = "<group>";
		};
		277ED13E2BFED09F0050EBCB /* RadioButtonQuestion */ = {
			isa = PBXGroup;
			children = (
				277ED13A2BFEC6520050EBCB /* RadioButtonQuestionView.swift */,
				277ED13F2BFED0D10050EBCB /* RadioButtonData.swift */,
			);
			path = RadioButtonQuestion;
			sourceTree = "<group>";
		};
		277ED1412BFED3E90050EBCB /* Questions */ = {
			isa = PBXGroup;
			children = (
				277ED13C2BFED0660050EBCB /* TitleTypeQuestionView.swift */,
			);
			path = Questions;
			sourceTree = "<group>";
		};
		277ED1422BFED5FF0050EBCB /* VjTextField */ = {
			isa = PBXGroup;
			children = (
				2782A5B92BF98BC900EF995C /* Extentions */,
				2782A5BA2BF98F2C00EF995C /* VjTextField.swift */,
			);
			path = VjTextField;
			sourceTree = "<group>";
		};
		2782A5B42BF9836700EF995C /* Pages */ = {
			isa = PBXGroup;
			children = (
				27673A9E2BFAE75700994B59 /* TermAndDisclosureView.swift */,
				27673A9D2BFAE72600994B59 /* PersonalFlow */,
				2770B5142BFAAE2800B4E1E2 /* Tfa */,
				2792236C2BF8F6E600FF147B /* StartApplicationView.swift */,
				2782A5B52BF9839300EF995C /* SignUpView.swift */,
			);
			path = Pages;
			sourceTree = "<group>";
		};
		2782A5B92BF98BC900EF995C /* Extentions */ = {
			isa = PBXGroup;
			children = (
				2782A5BC2BF993B600EF995C /* VjTextFieldExt.swift */,
			);
			path = Extentions;
			sourceTree = "<group>";
		};
		2792235E2BF8F6E600FF147B = {
			isa = PBXGroup;
			children = (
				279223692BF8F6E600FF147B /* vj-forms */,
				279223682BF8F6E600FF147B /* Products */,
			);
			sourceTree = "<group>";
		};
		279223682BF8F6E600FF147B /* Products */ = {
			isa = PBXGroup;
			children = (
				279223672BF8F6E600FF147B /* vj-forms.app */,
			);
			name = Products;
			sourceTree = "<group>";
		};
		279223692BF8F6E600FF147B /* vj-forms */ = {
			isa = PBXGroup;
			children = (
				2782A5B42BF9836700EF995C /* Pages */,
				27CB65A02BF95BA5006DE33B /* Resources */,
				27CB65992BF9186A006DE33B /* Components */,
				2792236A2BF8F6E600FF147B /* vj_formsApp.swift */,
				2792236E2BF8F6E700FF147B /* Assets.xcassets */,
				279223732BF8F6E700FF147B /* Persistence.swift */,
				279223752BF8F6E700FF147B /* vj_forms.xcdatamodeld */,
				279223702BF8F6E700FF147B /* Preview Content */,
			);
			path = "vj-forms";
			sourceTree = "<group>";
		};
		279223702BF8F6E700FF147B /* Preview Content */ = {
			isa = PBXGroup;
			children = (
				279223712BF8F6E700FF147B /* Preview Assets.xcassets */,
			);
			path = "Preview Content";
			sourceTree = "<group>";
		};
		27CB65992BF9186A006DE33B /* Components */ = {
			isa = PBXGroup;
			children = (
				277ED1422BFED5FF0050EBCB /* VjTextField */,
				27CB659A2BF9188C006DE33B /* NavigationBar.swift */,
				27CB659C2BF92C93006DE33B /* PageHeader.swift */,
				27CB659E2BF93D38006DE33B /* Card.swift */,
				2782A5BE2BF9945000EF995C /* VjSecureField.swift */,
				2782A5C02BF99CB400EF995C /* VjPageButton.swift */,
			);
			path = Components;
			sourceTree = "<group>";
		};
		27CB65A02BF95BA5006DE33B /* Resources */ = {
			isa = PBXGroup;
			children = (
				27CB65A12BF95BD9006DE33B /* Localizable.xcstrings */,
			);
			path = Resources;
			sourceTree = "<group>";
		};
/* End PBXGroup section */

/* Begin PBXNativeTarget section */
		279223662BF8F6E600FF147B /* vj-forms */ = {
			isa = PBXNativeTarget;
			buildConfigurationList = 2792237A2BF8F6E700FF147B /* Build configuration list for PBXNativeTarget "vj-forms" */;
			buildPhases = (
				279223632BF8F6E600FF147B /* Sources */,
				279223642BF8F6E600FF147B /* Frameworks */,
				279223652BF8F6E600FF147B /* Resources */,
			);
			buildRules = (
			);
			dependencies = (
			);
			name = "vj-forms";
			productName = "vj-forms";
			productReference = 279223672BF8F6E600FF147B /* vj-forms.app */;
			productType = "com.apple.product-type.application";
		};
/* End PBXNativeTarget section */

/* Begin PBXProject section */
		2792235F2BF8F6E600FF147B /* Project object */ = {
			isa = PBXProject;
			attributes = {
				BuildIndependentTargetsInParallel = 1;
				LastSwiftUpdateCheck = 1530;
				LastUpgradeCheck = 1530;
				TargetAttributes = {
					279223662BF8F6E600FF147B = {
						CreatedOnToolsVersion = 15.3;
					};
				};
			};
			buildConfigurationList = 279223622BF8F6E600FF147B /* Build configuration list for PBXProject "vj-forms" */;
			compatibilityVersion = "Xcode 14.0";
			developmentRegion = en;
			hasScannedForEncodings = 0;
			knownRegions = (
				en,
				Base,
				"pt-BR",
			);
			mainGroup = 2792235E2BF8F6E600FF147B;
			productRefGroup = 279223682BF8F6E600FF147B /* Products */;
			projectDirPath = "";
			projectRoot = "";
			targets = (
				279223662BF8F6E600FF147B /* vj-forms */,
			);
		};
/* End PBXProject section */

/* Begin PBXResourcesBuildPhase section */
		279223652BF8F6E600FF147B /* Resources */ = {
			isa = PBXResourcesBuildPhase;
			buildActionMask = 2147483647;
			files = (
				279223722BF8F6E700FF147B /* Preview Assets.xcassets in Resources */,
				2792236F2BF8F6E700FF147B /* Assets.xcassets in Resources */,
				27CB65A22BF95BD9006DE33B /* Localizable.xcstrings in Resources */,
			);
			runOnlyForDeploymentPostprocessing = 0;
		};
/* End PBXResourcesBuildPhase section */

/* Begin PBXSourcesBuildPhase section */
		279223632BF8F6E600FF147B /* Sources */ = {
			isa = PBXSourcesBuildPhase;
			buildActionMask = 2147483647;
			files = (
				27CB659B2BF9188C006DE33B /* NavigationBar.swift in Sources */,
				2782A5BD2BF993B600EF995C /* VjTextFieldExt.swift in Sources */,
				279223742BF8F6E700FF147B /* Persistence.swift in Sources */,
				2770B5162BFAAE4100B4E1E2 /* VjTfaExt.swift in Sources */,
				2770B5182BFAAEC300B4E1E2 /* TfaView.swift in Sources */,
				27673A9F2BFAE75700994B59 /* TermAndDisclosureView.swift in Sources */,
				27CB659F2BF93D38006DE33B /* Card.swift in Sources */,
				277ED1402BFED0D10050EBCB /* RadioButtonData.swift in Sources */,
				277ED13D2BFED0660050EBCB /* TitleTypeQuestionView.swift in Sources */,
				2792236D2BF8F6E600FF147B /* StartApplicationView.swift in Sources */,
				27CB659D2BF92C94006DE33B /* PageHeader.swift in Sources */,
				2782A5BB2BF98F2C00EF995C /* VjTextField.swift in Sources */,
				2792236B2BF8F6E600FF147B /* vj_formsApp.swift in Sources */,
				2782A5B62BF9839300EF995C /* SignUpView.swift in Sources */,
				277ED13B2BFEC6520050EBCB /* RadioButtonQuestionView.swift in Sources */,
				27673AA12BFAF72D00994B59 /* PersonalQuestionnaireFlowView.swift in Sources */,
				2782A5C12BF99CB400EF995C /* VjPageButton.swift in Sources */,
				2782A5BF2BF9945000EF995C /* VjSecureField.swift in Sources */,
				279223772BF8F6E700FF147B /* vj_forms.xcdatamodeld in Sources */,
			);
			runOnlyForDeploymentPostprocessing = 0;
		};
/* End PBXSourcesBuildPhase section */

/* Begin XCBuildConfiguration section */
		279223782BF8F6E700FF147B /* Debug */ = {
			isa = XCBuildConfiguration;
			buildSettings = {
				ALWAYS_SEARCH_USER_PATHS = NO;
				ASSETCATALOG_COMPILER_GENERATE_SWIFT_ASSET_SYMBOL_EXTENSIONS = YES;
				CLANG_ANALYZER_NONNULL = YES;
				CLANG_ANALYZER_NUMBER_OBJECT_CONVERSION = YES_AGGRESSIVE;
				CLANG_CXX_LANGUAGE_STANDARD = "gnu++20";
				CLANG_ENABLE_MODULES = YES;
				CLANG_ENABLE_OBJC_ARC = YES;
				CLANG_ENABLE_OBJC_WEAK = YES;
				CLANG_WARN_BLOCK_CAPTURE_AUTORELEASING = YES;
				CLANG_WARN_BOOL_CONVERSION = YES;
				CLANG_WARN_COMMA = YES;
				CLANG_WARN_CONSTANT_CONVERSION = YES;
				CLANG_WARN_DEPRECATED_OBJC_IMPLEMENTATIONS = YES;
				CLANG_WARN_DIRECT_OBJC_ISA_USAGE = YES_ERROR;
				CLANG_WARN_DOCUMENTATION_COMMENTS = YES;
				CLANG_WARN_EMPTY_BODY = YES;
				CLANG_WARN_ENUM_CONVERSION = YES;
				CLANG_WARN_INFINITE_RECURSION = YES;
				CLANG_WARN_INT_CONVERSION = YES;
				CLANG_WARN_NON_LITERAL_NULL_CONVERSION = YES;
				CLANG_WARN_OBJC_IMPLICIT_RETAIN_SELF = YES;
				CLANG_WARN_OBJC_LITERAL_CONVERSION = YES;
				CLANG_WARN_OBJC_ROOT_CLASS = YES_ERROR;
				CLANG_WARN_QUOTED_INCLUDE_IN_FRAMEWORK_HEADER = YES;
				CLANG_WARN_RANGE_LOOP_ANALYSIS = YES;
				CLANG_WARN_STRICT_PROTOTYPES = YES;
				CLANG_WARN_SUSPICIOUS_MOVE = YES;
				CLANG_WARN_UNGUARDED_AVAILABILITY = YES_AGGRESSIVE;
				CLANG_WARN_UNREACHABLE_CODE = YES;
				CLANG_WARN__DUPLICATE_METHOD_MATCH = YES;
				COPY_PHASE_STRIP = NO;
				DEBUG_INFORMATION_FORMAT = dwarf;
				ENABLE_STRICT_OBJC_MSGSEND = YES;
				ENABLE_TESTABILITY = YES;
				ENABLE_USER_SCRIPT_SANDBOXING = YES;
				GCC_C_LANGUAGE_STANDARD = gnu17;
				GCC_DYNAMIC_NO_PIC = NO;
				GCC_NO_COMMON_BLOCKS = YES;
				GCC_OPTIMIZATION_LEVEL = 0;
				GCC_PREPROCESSOR_DEFINITIONS = (
					"DEBUG=1",
					"$(inherited)",
				);
				GCC_WARN_64_TO_32_BIT_CONVERSION = YES;
				GCC_WARN_ABOUT_RETURN_TYPE = YES_ERROR;
				GCC_WARN_UNDECLARED_SELECTOR = YES;
				GCC_WARN_UNINITIALIZED_AUTOS = YES_AGGRESSIVE;
				GCC_WARN_UNUSED_FUNCTION = YES;
				GCC_WARN_UNUSED_VARIABLE = YES;
				IPHONEOS_DEPLOYMENT_TARGET = 17.4;
				LOCALIZATION_PREFERS_STRING_CATALOGS = YES;
				MTL_ENABLE_DEBUG_INFO = INCLUDE_SOURCE;
				MTL_FAST_MATH = YES;
				ONLY_ACTIVE_ARCH = YES;
				SDKROOT = iphoneos;
				SWIFT_ACTIVE_COMPILATION_CONDITIONS = "DEBUG $(inherited)";
				SWIFT_OPTIMIZATION_LEVEL = "-Onone";
			};
			name = Debug;
		};
		279223792BF8F6E700FF147B /* Release */ = {
			isa = XCBuildConfiguration;
			buildSettings = {
				ALWAYS_SEARCH_USER_PATHS = NO;
				ASSETCATALOG_COMPILER_GENERATE_SWIFT_ASSET_SYMBOL_EXTENSIONS = YES;
				CLANG_ANALYZER_NONNULL = YES;
				CLANG_ANALYZER_NUMBER_OBJECT_CONVERSION = YES_AGGRESSIVE;
				CLANG_CXX_LANGUAGE_STANDARD = "gnu++20";
				CLANG_ENABLE_MODULES = YES;
				CLANG_ENABLE_OBJC_ARC = YES;
				CLANG_ENABLE_OBJC_WEAK = YES;
				CLANG_WARN_BLOCK_CAPTURE_AUTORELEASING = YES;
				CLANG_WARN_BOOL_CONVERSION = YES;
				CLANG_WARN_COMMA = YES;
				CLANG_WARN_CONSTANT_CONVERSION = YES;
				CLANG_WARN_DEPRECATED_OBJC_IMPLEMENTATIONS = YES;
				CLANG_WARN_DIRECT_OBJC_ISA_USAGE = YES_ERROR;
				CLANG_WARN_DOCUMENTATION_COMMENTS = YES;
				CLANG_WARN_EMPTY_BODY = YES;
				CLANG_WARN_ENUM_CONVERSION = YES;
				CLANG_WARN_INFINITE_RECURSION = YES;
				CLANG_WARN_INT_CONVERSION = YES;
				CLANG_WARN_NON_LITERAL_NULL_CONVERSION = YES;
				CLANG_WARN_OBJC_IMPLICIT_RETAIN_SELF = YES;
				CLANG_WARN_OBJC_LITERAL_CONVERSION = YES;
				CLANG_WARN_OBJC_ROOT_CLASS = YES_ERROR;
				CLANG_WARN_QUOTED_INCLUDE_IN_FRAMEWORK_HEADER = YES;
				CLANG_WARN_RANGE_LOOP_ANALYSIS = YES;
				CLANG_WARN_STRICT_PROTOTYPES = YES;
				CLANG_WARN_SUSPICIOUS_MOVE = YES;
				CLANG_WARN_UNGUARDED_AVAILABILITY = YES_AGGRESSIVE;
				CLANG_WARN_UNREACHABLE_CODE = YES;
				CLANG_WARN__DUPLICATE_METHOD_MATCH = YES;
				COPY_PHASE_STRIP = NO;
				DEBUG_INFORMATION_FORMAT = "dwarf-with-dsym";
				ENABLE_NS_ASSERTIONS = NO;
				ENABLE_STRICT_OBJC_MSGSEND = YES;
				ENABLE_USER_SCRIPT_SANDBOXING = YES;
				GCC_C_LANGUAGE_STANDARD = gnu17;
				GCC_NO_COMMON_BLOCKS = YES;
				GCC_WARN_64_TO_32_BIT_CONVERSION = YES;
				GCC_WARN_ABOUT_RETURN_TYPE = YES_ERROR;
				GCC_WARN_UNDECLARED_SELECTOR = YES;
				GCC_WARN_UNINITIALIZED_AUTOS = YES_AGGRESSIVE;
				GCC_WARN_UNUSED_FUNCTION = YES;
				GCC_WARN_UNUSED_VARIABLE = YES;
				IPHONEOS_DEPLOYMENT_TARGET = 17.4;
				LOCALIZATION_PREFERS_STRING_CATALOGS = YES;
				MTL_ENABLE_DEBUG_INFO = NO;
				MTL_FAST_MATH = YES;
				SDKROOT = iphoneos;
				SWIFT_COMPILATION_MODE = wholemodule;
				VALIDATE_PRODUCT = YES;
			};
			name = Release;
		};
		2792237B2BF8F6E700FF147B /* Debug */ = {
			isa = XCBuildConfiguration;
			buildSettings = {
				ASSETCATALOG_COMPILER_APPICON_NAME = AppIcon;
				ASSETCATALOG_COMPILER_GLOBAL_ACCENT_COLOR_NAME = AccentColor;
				CODE_SIGN_STYLE = Automatic;
				CURRENT_PROJECT_VERSION = 1;
				DEVELOPMENT_ASSET_PATHS = "\"vj-forms/Preview Content\"";
				DEVELOPMENT_TEAM = 593G555D8L;
				ENABLE_PREVIEWS = YES;
				GENERATE_INFOPLIST_FILE = YES;
				INFOPLIST_KEY_UIApplicationSceneManifest_Generation = YES;
				INFOPLIST_KEY_UIApplicationSupportsIndirectInputEvents = YES;
				INFOPLIST_KEY_UILaunchScreen_Generation = YES;
				INFOPLIST_KEY_UISupportedInterfaceOrientations_iPad = "UIInterfaceOrientationPortrait UIInterfaceOrientationPortraitUpsideDown UIInterfaceOrientationLandscapeLeft UIInterfaceOrientationLandscapeRight";
				INFOPLIST_KEY_UISupportedInterfaceOrientations_iPhone = "UIInterfaceOrientationPortrait UIInterfaceOrientationLandscapeLeft UIInterfaceOrientationLandscapeRight";
				LD_RUNPATH_SEARCH_PATHS = (
					"$(inherited)",
					"@executable_path/Frameworks",
				);
				MARKETING_VERSION = 1.0;
				PRODUCT_BUNDLE_IDENTIFIER = "com.github.vanderjuh.vj-forms";
				PRODUCT_NAME = "$(TARGET_NAME)";
				SWIFT_EMIT_LOC_STRINGS = YES;
				SWIFT_VERSION = 5.0;
				TARGETED_DEVICE_FAMILY = "1,2";
			};
			name = Debug;
		};
		2792237C2BF8F6E700FF147B /* Release */ = {
			isa = XCBuildConfiguration;
			buildSettings = {
				ASSETCATALOG_COMPILER_APPICON_NAME = AppIcon;
				ASSETCATALOG_COMPILER_GLOBAL_ACCENT_COLOR_NAME = AccentColor;
				CODE_SIGN_STYLE = Automatic;
				CURRENT_PROJECT_VERSION = 1;
				DEVELOPMENT_ASSET_PATHS = "\"vj-forms/Preview Content\"";
				DEVELOPMENT_TEAM = 593G555D8L;
				ENABLE_PREVIEWS = YES;
				GENERATE_INFOPLIST_FILE = YES;
				INFOPLIST_KEY_UIApplicationSceneManifest_Generation = YES;
				INFOPLIST_KEY_UIApplicationSupportsIndirectInputEvents = YES;
				INFOPLIST_KEY_UILaunchScreen_Generation = YES;
				INFOPLIST_KEY_UISupportedInterfaceOrientations_iPad = "UIInterfaceOrientationPortrait UIInterfaceOrientationPortraitUpsideDown UIInterfaceOrientationLandscapeLeft UIInterfaceOrientationLandscapeRight";
				INFOPLIST_KEY_UISupportedInterfaceOrientations_iPhone = "UIInterfaceOrientationPortrait UIInterfaceOrientationLandscapeLeft UIInterfaceOrientationLandscapeRight";
				LD_RUNPATH_SEARCH_PATHS = (
					"$(inherited)",
					"@executable_path/Frameworks",
				);
				MARKETING_VERSION = 1.0;
				PRODUCT_BUNDLE_IDENTIFIER = "com.github.vanderjuh.vj-forms";
				PRODUCT_NAME = "$(TARGET_NAME)";
				SWIFT_EMIT_LOC_STRINGS = YES;
				SWIFT_VERSION = 5.0;
				TARGETED_DEVICE_FAMILY = "1,2";
			};
			name = Release;
		};
/* End XCBuildConfiguration section */

/* Begin XCConfigurationList section */
		279223622BF8F6E600FF147B /* Build configuration list for PBXProject "vj-forms" */ = {
			isa = XCConfigurationList;
			buildConfigurations = (
				279223782BF8F6E700FF147B /* Debug */,
				279223792BF8F6E700FF147B /* Release */,
			);
			defaultConfigurationIsVisible = 0;
			defaultConfigurationName = Release;
		};
		2792237A2BF8F6E700FF147B /* Build configuration list for PBXNativeTarget "vj-forms" */ = {
			isa = XCConfigurationList;
			buildConfigurations = (
				2792237B2BF8F6E700FF147B /* Debug */,
				2792237C2BF8F6E700FF147B /* Release */,
			);
			defaultConfigurationIsVisible = 0;
			defaultConfigurationName = Release;
		};
/* End XCConfigurationList section */

/* Begin XCVersionGroup section */
		279223752BF8F6E700FF147B /* vj_forms.xcdatamodeld */ = {
			isa = XCVersionGroup;
			children = (
				279223762BF8F6E700FF147B /* vj_forms.xcdatamodel */,
			);
			currentVersion = 279223762BF8F6E700FF147B /* vj_forms.xcdatamodel */;
			path = vj_forms.xcdatamodeld;
			sourceTree = "<group>";
			versionGroupType = wrapper.xcdatamodel;
		};
/* End XCVersionGroup section */
	};
	rootObject = 2792235F2BF8F6E600FF147B /* Project object */;
}
